
Microsoft Visual Studio Solution File, Format Version 12.00
# Visual Studio 2013
VisualStudioVersion = 12.0.31101.0
MinimumVisualStudioVersion = 10.0.40219.1
Project("{2150E333-8FDC-42A3-9474-1A3956D46DE8}") = "Libs", "Libs", "{B40E98AA-4AD4-44F5-895C-3D6471F1CD01}"
EndProject
Project("{2150E333-8FDC-42A3-9474-1A3956D46DE8}") = "Apps", "Apps", "{C2CC6649-4659-40BA-82D9-8FE59AA92243}"
EndProject
Project("{2150E333-8FDC-42A3-9474-1A3956D46DE8}") = "Tests", "Tests", "{D6D9F368-E970-40BA-98DC-710E7FF15575}"
EndProject
Project("{FAE04EC0-301F-11D3-BF4B-00C04F79EFBC}") = "Flagstone.Core", "Libs\Flagstone.Core\Flagstone.Core.csproj", "{335E44D6-98F3-4800-A131-A66338CB3A47}"
EndProject
Project("{FAE04EC0-301F-11D3-BF4B-00C04F79EFBC}") = "DriveBackup", "Apps\DriveBackup\DriveBackup.csproj", "{C510D500-34A3-4DA9-A7A7-25D1F520A782}"
EndProject
Project("{FAE04EC0-301F-11D3-BF4B-00C04F79EFBC}") = "DriveBackupTests", "Tests\DriveBackupTests\DriveBackupTests.csproj", "{2318337A-CFFE-42DA-9753-6A85BF57A93F}"
EndProject
Project("{FAE04EC0-301F-11D3-BF4B-00C04F79EFBC}") = "Flagstone.Employees", "Libs\Flagstone.Employees\Flagstone.Employees.csproj", "{3224FC23-5432-42AF-9A73-DD55F8F80F79}"
EndProject
Project("{FAE04EC0-301F-11D3-BF4B-00C04F79EFBC}") = "EmployeeManager", "Apps\EmployeeManager\EmployeeManager.csproj", "{A500E45E-EF4F-4953-8E56-E1518AE001B8}"
EndProject
Project("{FAE04EC0-301F-11D3-BF4B-00C04F79EFBC}") = "Flagstone.WPF", "Libs\Flagstone.WPF\Flagstone.WPF.csproj", "{E5A7D2BE-0711-41B1-BED6-FDA62BD84F7A}"
EndProject
Global
	GlobalSection(SolutionConfigurationPlatforms) = preSolution
		Debug|Any CPU = Debug|Any CPU
		Release|Any CPU = Release|Any CPU
	EndGlobalSection
	GlobalSection(ProjectConfigurationPlatforms) = postSolution
		{335E44D6-98F3-4800-A131-A66338CB3A47}.Debug|Any CPU.ActiveCfg = Debug|Any CPU
		{335E44D6-98F3-4800-A131-A66338CB3A47}.Debug|Any CPU.Build.0 = Debug|Any CPU
		{335E44D6-98F3-4800-A131-A66338CB3A47}.Release|Any CPU.ActiveCfg = Release|Any CPU
		{335E44D6-98F3-4800-A131-A66338CB3A47}.Release|Any CPU.Build.0 = Release|Any CPU
		{C510D500-34A3-4DA9-A7A7-25D1F520A782}.Debug|Any CPU.ActiveCfg = Debug|Any CPU
		{C510D500-34A3-4DA9-A7A7-25D1F520A782}.Debug|Any CPU.Build.0 = Debug|Any CPU
		{C510D500-34A3-4DA9-A7A7-25D1F520A782}.Release|Any CPU.ActiveCfg = Release|Any CPU
		{C510D500-34A3-4DA9-A7A7-25D1F520A782}.Release|Any CPU.Build.0 = Release|Any CPU
		{2318337A-CFFE-42DA-9753-6A85BF57A93F}.Debug|Any CPU.ActiveCfg = Debug|Any CPU
		{2318337A-CFFE-42DA-9753-6A85BF57A93F}.Debug|Any CPU.Build.0 = Debug|Any CPU
		{2318337A-CFFE-42DA-9753-6A85BF57A93F}.Release|Any CPU.ActiveCfg = Release|Any CPU
		{2318337A-CFFE-42DA-9753-6A85BF57A93F}.Release|Any CPU.Build.0 = Release|Any CPU
		{3224FC23-5432-42AF-9A73-DD55F8F80F79}.Debug|Any CPU.ActiveCfg = Debug|Any CPU
		{3224FC23-5432-42AF-9A73-DD55F8F80F79}.Debug|Any CPU.Build.0 = Debug|Any CPU
		{3224FC23-5432-42AF-9A73-DD55F8F80F79}.Release|Any CPU.ActiveCfg = Release|Any CPU
		{3224FC23-5432-42AF-9A73-DD55F8F80F79}.Release|Any CPU.Build.0 = Release|Any CPU
		{A500E45E-EF4F-4953-8E56-E1518AE001B8}.Debug|Any CPU.ActiveCfg = Debug|Any CPU
		{A500E45E-EF4F-4953-8E56-E1518AE001B8}.Debug|Any CPU.Build.0 = Debug|Any CPU
		{A500E45E-EF4F-4953-8E56-E1518AE001B8}.Release|Any CPU.ActiveCfg = Release|Any CPU
		{A500E45E-EF4F-4953-8E56-E1518AE001B8}.Release|Any CPU.Build.0 = Release|Any CPU
		{E5A7D2BE-0711-41B1-BED6-FDA62BD84F7A}.Debug|Any CPU.ActiveCfg = Debug|Any CPU
		{E5A7D2BE-0711-41B1-BED6-FDA62BD84F7A}.Debug|Any CPU.Build.0 = Debug|Any CPU
		{E5A7D2BE-0711-41B1-BED6-FDA62BD84F7A}.Release|Any CPU.ActiveCfg = Release|Any CPU
		{E5A7D2BE-0711-41B1-BED6-FDA62BD84F7A}.Release|Any CPU.Build.0 = Release|Any CPU
	EndGlobalSection
	GlobalSection(SolutionProperties) = preSolution
		HideSolutionNode = FALSE
	EndGlobalSection
	GlobalSection(NestedProjects) = preSolution
		{335E44D6-98F3-4800-A131-A66338CB3A47} = {B40E98AA-4AD4-44F5-895C-3D6471F1CD01}
		{C510D500-34A3-4DA9-A7A7-25D1F520A782} = {C2CC6649-4659-40BA-82D9-8FE59AA92243}
		{2318337A-CFFE-42DA-9753-6A85BF57A93F} = {D6D9F368-E970-40BA-98DC-710E7FF15575}
		{3224FC23-5432-42AF-9A73-DD55F8F80F79} = {B40E98AA-4AD4-44F5-895C-3D6471F1CD01}
		{A500E45E-EF4F-4953-8E56-E1518AE001B8} = {C2CC6649-4659-40BA-82D9-8FE59AA92243}
		{E5A7D2BE-0711-41B1-BED6-FDA62BD84F7A} = {B40E98AA-4AD4-44F5-895C-3D6471F1CD01}
	EndGlobalSection
EndGlobal
